
Microsoft Visual Studio Solution File, Format Version 12.00
# Visual Studio Version 16
VisualStudioVersion = 16.0.30907.101
MinimumVisualStudioVersion = 10.0.40219.1
Project("{FAE04EC0-301F-11D3-BF4B-00C04F79EFBC}") = "H1_19012021_OpgavehaefteCsharp", "H1_19012021_OpgavehaefteCsharp\H1_19012021_OpgavehaefteCsharp.csproj", "{DAF7174B-F01C-47D5-BDCF-309AE37EE52B}"
EndProject
Global
	GlobalSection(SolutionConfigurationPlatforms) = preSolution
		Debug|Any CPU = Debug|Any CPU
		Release|Any CPU = Release|Any CPU
	EndGlobalSection
	GlobalSection(ProjectConfigurationPlatforms) = postSolution
		{DAF7174B-F01C-47D5-BDCF-309AE37EE52B}.Debug|Any CPU.ActiveCfg = Debug|Any CPU
		{DAF7174B-F01C-47D5-BDCF-309AE37EE52B}.Debug|Any CPU.Build.0 = Debug|Any CPU
		{DAF7174B-F01C-47D5-BDCF-309AE37EE52B}.Release|Any CPU.ActiveCfg = Release|Any CPU
		{DAF7174B-F01C-47D5-BDCF-309AE37EE52B}.Release|Any CPU.Build.0 = Release|Any CPU
	EndGlobalSection
	GlobalSection(SolutionProperties) = preSolution
		HideSolutionNode = FALSE
	EndGlobalSection
	GlobalSection(ExtensibilityGlobals) = postSolution
		SolutionGuid = {B49C176F-41BC-4A50-A6A7-40F3ADC95498}
	EndGlobalSection
EndGlobal
